
Microsoft Visual Studio Solution File, Format Version 12.00
# Visual Studio Version 17
VisualStudioVersion = 17.5.002.0
MinimumVisualStudioVersion = 10.0.40219.1
Project("{9A19103F-16F7-4668-BE54-9A1E7A4F7556}") = "Task0", "Task0\Task0.csproj", "{1ABB6890-E0A5-4832-8EB5-BF6D2F12D938}"
EndProject
Global
	GlobalSection(SolutionConfigurationPlatforms) = preSolution
		Debug|Any CPU = Debug|Any CPU
		Release|Any CPU = Release|Any CPU
	EndGlobalSection
	GlobalSection(ProjectConfigurationPlatforms) = postSolution
		{1ABB6890-E0A5-4832-8EB5-BF6D2F12D938}.Debug|Any CPU.ActiveCfg = Debug|Any CPU
		{1ABB6890-E0A5-4832-8EB5-BF6D2F12D938}.Debug|Any CPU.Build.0 = Debug|Any CPU
		{1ABB6890-E0A5-4832-8EB5-BF6D2F12D938}.Release|Any CPU.ActiveCfg = Release|Any CPU
		{1ABB6890-E0A5-4832-8EB5-BF6D2F12D938}.Release|Any CPU.Build.0 = Release|Any CPU
	EndGlobalSection
	GlobalSection(SolutionProperties) = preSolution
		HideSolutionNode = FALSE
	EndGlobalSection
	GlobalSection(ExtensibilityGlobals) = postSolution
		SolutionGuid = {BAB54211-BC80-42C8-BAA3-BCD2FDC6E158}
	EndGlobalSection
EndGlobal
